
Microsoft Visual Studio Solution File, Format Version 12.00
# Visual Studio 15
VisualStudioVersion = 15.0.26730.16
MinimumVisualStudioVersion = 10.0.40219.1
Project("{FAE04EC0-301F-11D3-BF4B-00C04F79EFBC}") = "XMLDemo", "XMLDemo\XMLDemo.csproj", "{168979A5-942D-4DF8-84DF-E63486904D57}"
EndProject
Global
	GlobalSection(SolutionConfigurationPlatforms) = preSolution
		Debug|Any CPU = Debug|Any CPU
		Release|Any CPU = Release|Any CPU
	EndGlobalSection
	GlobalSection(ProjectConfigurationPlatforms) = postSolution
		{168979A5-942D-4DF8-84DF-E63486904D57}.Debug|Any CPU.ActiveCfg = Debug|Any CPU
		{168979A5-942D-4DF8-84DF-E63486904D57}.Debug|Any CPU.Build.0 = Debug|Any CPU
		{168979A5-942D-4DF8-84DF-E63486904D57}.Release|Any CPU.ActiveCfg = Release|Any CPU
		{168979A5-942D-4DF8-84DF-E63486904D57}.Release|Any CPU.Build.0 = Release|Any CPU
	EndGlobalSection
	GlobalSection(SolutionProperties) = preSolution
		HideSolutionNode = FALSE
	EndGlobalSection
	GlobalSection(ExtensibilityGlobals) = postSolution
		SolutionGuid = {DB5BB0D5-639F-473F-86F7-24405B0A2B0D}
	EndGlobalSection
EndGlobal
